schema: '2.0'
stages:
  data_validation:
    cmd: python src/components/data_validation.py
    deps:
    - path: data/imb_data.csv
      hash: md5
      md5: 50c0df6093dab2487c21954e0df49a3d
      size: 3135128
    - path: data/raw_data.csv
      hash: md5
      md5: 6ac97bca4efbcac959ef159dc6e105ba
      size: 2433063
    - path: src/components/data_validation.py
      hash: md5
      md5: e1e2c3cd71787734e27c4a694289a858
      size: 2779
    - path: src/constant/__init__.py
      hash: md5
      md5: 743d9f89836c884fef65c722d243d243
      size: 1182
    - path: src/entity/artifact_entity.py
      hash: md5
      md5: b83ff1629b5a3f3448d6b97834006e00
      size: 605
    - path: src/entity/config_entity.py
      hash: md5
      md5: 29833273dca3e2fe482da46f1123868e
      size: 2270
    outs:
    - path: artifacts/DataValidationArtifacts/data_validation_report.yaml
      hash: md5
      md5: 99331b3048e08f99293bd544625e1443
      size: 14
  data_transformation:
    cmd: python src/components/data_transformation.py
    deps:
    - path: artifacts/DataValidationArtifacts/data_validation_report.yaml
      hash: md5
      md5: 99331b3048e08f99293bd544625e1443
      size: 14
    - path: data/imb_data.csv
      hash: md5
      md5: 50c0df6093dab2487c21954e0df49a3d
      size: 3135128
    - path: data/raw_data.csv
      hash: md5
      md5: 6ac97bca4efbcac959ef159dc6e105ba
      size: 2433063
    - path: src/components/data_transformation.py
      hash: md5
      md5: 9af15bf269e179d10bd4a8823483fea9
      size: 6991
    - path: src/constant/__init__.py
      hash: md5
      md5: 743d9f89836c884fef65c722d243d243
      size: 1182
    - path: src/entity/artifact_entity.py
      hash: md5
      md5: b83ff1629b5a3f3448d6b97834006e00
      size: 605
    - path: src/entity/config_entity.py
      hash: md5
      md5: 29833273dca3e2fe482da46f1123868e
      size: 2270
    outs:
    - path: artifacts/DataTransformationArtifacts/transformed_data.csv
      hash: md5
      md5: 565aafb77a1ef777785d31d60d9c1e18
      size: 3469405
  model_trainer:
    cmd: python src/components/model_trainer.py
    deps:
    - path: artifacts/DataTransformationArtifacts/transformed_data.csv
      hash: md5
      md5: 565aafb77a1ef777785d31d60d9c1e18
      size: 3469405
    - path: params.yaml
      hash: md5
      md5: 6beb9afa9788a80f757a18ed37776746
      size: 273
    - path: src/components/model_trainer.py
      hash: md5
      md5: 1e6f5ddbfe5e8c04697d0c823f311e5a
      size: 6701
    - path: src/constant/__init__.py
      hash: md5
      md5: 743d9f89836c884fef65c722d243d243
      size: 1182
    - path: src/entity/artifact_entity.py
      hash: md5
      md5: b83ff1629b5a3f3448d6b97834006e00
      size: 605
    - path: src/entity/config_entity.py
      hash: md5
      md5: 29833273dca3e2fe482da46f1123868e
      size: 2270
    outs:
    - path: artifacts/ModelTrainerArtifacts/model.h5
      hash: md5
      md5: c8e93604611a25e1d0406115272e5d43
      size: 52688496
    - path: artifacts/ModelTrainerArtifacts/x_test.csv
      hash: md5
      md5: 0eee7c3e442ac8e05743c33aed9fe28f
      size: 922957
    - path: artifacts/ModelTrainerArtifacts/x_train.csv
      hash: md5
      md5: 7942010e438db4cbf296b985dd83eb89
      size: 2762313
    - path: artifacts/ModelTrainerArtifacts/y_test.csv
      hash: md5
      md5: 6ab0ca66fc294ec58c93452f33d54e9f
      size: 124853
    - path: tokenizer.pickle
      hash: md5
      md5: 177bf0d7034414ba2bd7b30b58798775
      size: 2154501
  model_evaluation:
    cmd: python src/components/model_evaluation.py
    deps:
    - path: artifacts/ModelTrainerArtifacts/model.h5
      hash: md5
      md5: c8e93604611a25e1d0406115272e5d43
      size: 52688496
    - path: artifacts/ModelTrainerArtifacts/x_test.csv
      hash: md5
      md5: 0eee7c3e442ac8e05743c33aed9fe28f
      size: 922957
    - path: artifacts/ModelTrainerArtifacts/y_test.csv
      hash: md5
      md5: 6ab0ca66fc294ec58c93452f33d54e9f
      size: 124853
    - path: params.yaml
      hash: md5
      md5: 6beb9afa9788a80f757a18ed37776746
      size: 273
    - path: src/components/model_evaluation.py
      hash: md5
      md5: 7d9622e56995826995ee72a304ba36a5
      size: 7836
    - path: src/constant/__init__.py
      hash: md5
      md5: 743d9f89836c884fef65c722d243d243
      size: 1182
    - path: src/entity/artifact_entity.py
      hash: md5
      md5: b83ff1629b5a3f3448d6b97834006e00
      size: 605
    - path: src/entity/config_entity.py
      hash: md5
      md5: 29833273dca3e2fe482da46f1123868e
      size: 2270
    - path: tokenizer.pickle
      hash: md5
      md5: 177bf0d7034414ba2bd7b30b58798775
      size: 2154501
    outs:
    - path: artifacts/ModelEvaluationArtifacts/metrics.json
      hash: md5
      md5: 3dcd2826ea65ebb644d3e043d0ed03cc
      size: 216
